
Microsoft Visual Studio Solution File, Format Version 11.00
# Visual Web Developer Express 2010
Project("{FAE04EC0-301F-11D3-BF4B-00C04F79EFBC}") = "KaamsDataLayer", "KaamsDataLayer.csproj", "{3523A2CF-4FB8-4FBB-B0BE-B2ABC3AF438C}"
EndProject
Global
	GlobalSection(SolutionConfigurationPlatforms) = preSolution
		Debug|Any CPU = Debug|Any CPU
		Release|Any CPU = Release|Any CPU
	EndGlobalSection
	GlobalSection(ProjectConfigurationPlatforms) = postSolution
		{3523A2CF-4FB8-4FBB-B0BE-B2ABC3AF438C}.Debug|Any CPU.ActiveCfg = Debug|Any CPU
		{3523A2CF-4FB8-4FBB-B0BE-B2ABC3AF438C}.Debug|Any CPU.Build.0 = Debug|Any CPU
		{3523A2CF-4FB8-4FBB-B0BE-B2ABC3AF438C}.Release|Any CPU.ActiveCfg = Release|Any CPU
		{3523A2CF-4FB8-4FBB-B0BE-B2ABC3AF438C}.Release|Any CPU.Build.0 = Release|Any CPU
	EndGlobalSection
	GlobalSection(SolutionProperties) = preSolution
		HideSolutionNode = FALSE
	EndGlobalSection
EndGlobal
